
Microsoft Visual Studio Solution File, Format Version 12.00
# Visual Studio 14
VisualStudioVersion = 14.0.24720.0
MinimumVisualStudioVersion = 10.0.40219.1
Project("{FAE04EC0-301F-11D3-BF4B-00C04F79EFBC}") = "dotz", "dotz\dotz.csproj", "{C0B3C844-51ED-4CEE-9FC7-2613FD84C9B1}"
EndProject
Project("{FAE04EC0-301F-11D3-BF4B-00C04F79EFBC}") = "dotz.Tests", "dotz.Tests\dotz.Tests.csproj", "{D31C4B55-65E7-4963-8A58-F0B5B6433472}"
EndProject
Global
	GlobalSection(SolutionConfigurationPlatforms) = preSolution
		Debug|Any CPU = Debug|Any CPU
		Release|Any CPU = Release|Any CPU
	EndGlobalSection
	GlobalSection(ProjectConfigurationPlatforms) = postSolution
		{C0B3C844-51ED-4CEE-9FC7-2613FD84C9B1}.Debug|Any CPU.ActiveCfg = Debug|Any CPU
		{C0B3C844-51ED-4CEE-9FC7-2613FD84C9B1}.Debug|Any CPU.Build.0 = Debug|Any CPU
		{C0B3C844-51ED-4CEE-9FC7-2613FD84C9B1}.Release|Any CPU.ActiveCfg = Release|Any CPU
		{C0B3C844-51ED-4CEE-9FC7-2613FD84C9B1}.Release|Any CPU.Build.0 = Release|Any CPU
		{D31C4B55-65E7-4963-8A58-F0B5B6433472}.Debug|Any CPU.ActiveCfg = Debug|Any CPU
		{D31C4B55-65E7-4963-8A58-F0B5B6433472}.Debug|Any CPU.Build.0 = Debug|Any CPU
		{D31C4B55-65E7-4963-8A58-F0B5B6433472}.Release|Any CPU.ActiveCfg = Release|Any CPU
		{D31C4B55-65E7-4963-8A58-F0B5B6433472}.Release|Any CPU.Build.0 = Release|Any CPU
	EndGlobalSection
	GlobalSection(SolutionProperties) = preSolution
		HideSolutionNode = FALSE
	EndGlobalSection
EndGlobal
